// !$*UTF8*$!
{
	archiveVersion = 1;
	classes = {
	};
	objectVersion = 56;
	objects = {

/* Begin PBXBuildFile section */
		16281A9829AE219C004EF58D /* AppDelegate.swift in Sources */ = {isa = PBXBuildFile; fileRef = 16281A9729AE219C004EF58D /* AppDelegate.swift */; };
		16281A9A29AE219C004EF58D /* SceneDelegate.swift in Sources */ = {isa = PBXBuildFile; fileRef = 16281A9929AE219C004EF58D /* SceneDelegate.swift */; };
		16281A9C29AE219C004EF58D /* ViewController.swift in Sources */ = {isa = PBXBuildFile; fileRef = 16281A9B29AE219C004EF58D /* ViewController.swift */; };
		16281A9F29AE219C004EF58D /* Main.storyboard in Resources */ = {isa = PBXBuildFile; fileRef = 16281A9D29AE219C004EF58D /* Main.storyboard */; };
		16281AA129AE219D004EF58D /* Assets.xcassets in Resources */ = {isa = PBXBuildFile; fileRef = 16281AA029AE219D004EF58D /* Assets.xcassets */; };
		16281AA429AE219D004EF58D /* LaunchScreen.storyboard in Resources */ = {isa = PBXBuildFile; fileRef = 16281AA229AE219D004EF58D /* LaunchScreen.storyboard */; };
		163C285629BB59AC00B07AA0 /* ValidationForm.swift in Sources */ = {isa = PBXBuildFile; fileRef = 163C285529BB59AC00B07AA0 /* ValidationForm.swift */; };
		4D5CD2C6C67F953F3D2F7970 /* Pods_ticket_swift.framework in Frameworks */ = {isa = PBXBuildFile; fileRef = F6AC2809628A0320786EF8B7 /* Pods_ticket_swift.framework */; };
/* End PBXBuildFile section */

/* Begin PBXFileReference section */
		16281A9429AE219C004EF58D /* ticket_swift.app */ = {isa = PBXFileReference; explicitFileType = wrapper.application; includeInIndex = 0; path = ticket_swift.app; sourceTree = BUILT_PRODUCTS_DIR; };
		16281A9729AE219C004EF58D /* AppDelegate.swift */ = {isa = PBXFileReference; lastKnownFileType = sourcecode.swift; path = AppDelegate.swift; sourceTree = "<group>"; };
		16281A9929AE219C004EF58D /* SceneDelegate.swift */ = {isa = PBXFileReference; lastKnownFileType = sourcecode.swift; path = SceneDelegate.swift; sourceTree = "<group>"; };
		16281A9B29AE219C004EF58D /* ViewController.swift */ = {isa = PBXFileReference; lastKnownFileType = sourcecode.swift; path = ViewController.swift; sourceTree = "<group>"; };
		16281A9E29AE219C004EF58D /* Base */ = {isa = PBXFileReference; lastKnownFileType = file.storyboard; name = Base; path = Base.lproj/Main.storyboard; sourceTree = "<group>"; };
		16281AA029AE219D004EF58D /* Assets.xcassets */ = {isa = PBXFileReference; lastKnownFileType = folder.assetcatalog; path = Assets.xcassets; sourceTree = "<group>"; };
		16281AA329AE219D004EF58D /* Base */ = {isa = PBXFileReference; lastKnownFileType = file.storyboard; name = Base; path = Base.lproj/LaunchScreen.storyboard; sourceTree = "<group>"; };
		16281AA529AE219D004EF58D /* Info.plist */ = {isa = PBXFileReference; lastKnownFileType = text.plist.xml; path = Info.plist; sourceTree = "<group>"; };
		163C285529BB59AC00B07AA0 /* ValidationForm.swift */ = {isa = PBXFileReference; lastKnownFileType = sourcecode.swift; path = ValidationForm.swift; sourceTree = "<group>"; };
		3FE22BD5C56E602725BC9F2B /* Pods-ticket_swift.debug.xcconfig */ = {isa = PBXFileReference; includeInIndex = 1; lastKnownFileType = text.xcconfig; name = "Pods-ticket_swift.debug.xcconfig"; path = "Target Support Files/Pods-ticket_swift/Pods-ticket_swift.debug.xcconfig"; sourceTree = "<group>"; };
		E70EBD3E24D95651E97FFC6E /* Pods-ticket_swift.release.xcconfig */ = {isa = PBXFileReference; includeInIndex = 1; lastKnownFileType = text.xcconfig; name = "Pods-ticket_swift.release.xcconfig"; path = "Target Support Files/Pods-ticket_swift/Pods-ticket_swift.release.xcconfig"; sourceTree = "<group>"; };
		F6AC2809628A0320786EF8B7 /* Pods_ticket_swift.framework */ = {isa = PBXFileReference; explicitFileType = wrapper.framework; includeInIndex = 0; path = Pods_ticket_swift.framework; sourceTree = BUILT_PRODUCTS_DIR; };
/* End PBXFileReference section */

/* Begin PBXFrameworksBuildPhase section */
		16281A9129AE219C004EF58D /* Frameworks */ = {
			isa = PBXFrameworksBuildPhase;
			buildActionMask = 2147483647;
			files = (
				4D5CD2C6C67F953F3D2F7970 /* Pods_ticket_swift.framework in Frameworks */,
			);
			runOnlyForDeploymentPostprocessing = 0;
		};
/* End PBXFrameworksBuildPhase section */

/* Begin PBXGroup section */
		16281A8B29AE219C004EF58D = {
			isa = PBXGroup;
			children = (
				16281A9629AE219C004EF58D /* ticket_swift */,
				16281A9529AE219C004EF58D /* Products */,
				60F29917D5E03ADADFC73519 /* Pods */,
				44EBD569C398E49D5BEB8487 /* Frameworks */,
			);
			sourceTree = "<group>";
		};
		16281A9529AE219C004EF58D /* Products */ = {
			isa = PBXGroup;
			children = (
				16281A9429AE219C004EF58D /* ticket_swift.app */,
			);
			name = Products;
			sourceTree = "<group>";
		};
		16281A9629AE219C004EF58D /* ticket_swift */ = {
			isa = PBXGroup;
			children = (
				16281A9729AE219C004EF58D /* AppDelegate.swift */,
				163C285429BB589500B07AA0 /* Controller */,
				163C285329BB586A00B07AA0 /* Model */,
				16281A9D29AE219C004EF58D /* Main.storyboard */,
				16281A9929AE219C004EF58D /* SceneDelegate.swift */,
				16281AA029AE219D004EF58D /* Assets.xcassets */,
				16281AA229AE219D004EF58D /* LaunchScreen.storyboard */,
				16281AA529AE219D004EF58D /* Info.plist */,
			);
			path = ticket_swift;
			sourceTree = "<group>";
		};
		163C285329BB586A00B07AA0 /* Model */ = {
			isa = PBXGroup;
			children = (
				163C285529BB59AC00B07AA0 /* ValidationForm.swift */,
			);
			path = Model;
			sourceTree = "<group>";
		};
		163C285429BB589500B07AA0 /* Controller */ = {
			isa = PBXGroup;
			children = (
				16281A9B29AE219C004EF58D /* ViewController.swift */,
			);
			path = Controller;
			sourceTree = "<group>";
		};
		44EBD569C398E49D5BEB8487 /* Frameworks */ = {
			isa = PBXGroup;
			children = (
				F6AC2809628A0320786EF8B7 /* Pods_ticket_swift.framework */,
			);
			name = Frameworks;
			sourceTree = "<group>";
		};
		60F29917D5E03ADADFC73519 /* Pods */ = {
			isa = PBXGroup;
			children = (
				3FE22BD5C56E602725BC9F2B /* Pods-ticket_swift.debug.xcconfig */,
				E70EBD3E24D95651E97FFC6E /* Pods-ticket_swift.release.xcconfig */,
			);
			name = Pods;
			path = Pods;
			sourceTree = "<group>";
		};
/* End PBXGroup section */

/* Begin PBXNativeTarget section */
		16281A9329AE219C004EF58D /* ticket_swift */ = {
			isa = PBXNativeTarget;
			buildConfigurationList = 16281AA829AE219D004EF58D /* Build configuration list for PBXNativeTarget "ticket_swift" */;
			buildPhases = (
				525E8DBD2717F8111314C8B1 /* [CP] Check Pods Manifest.lock */,
				16281A9029AE219C004EF58D /* Sources */,
				16281A9129AE219C004EF58D /* Frameworks */,
				16281A9229AE219C004EF58D /* Resources */,
				36762C69A34371177BBE4321 /* [CP] Embed Pods Frameworks */,
			);
			buildRules = (
			);
			dependencies = (
			);
			name = ticket_swift;
			productName = ticket_swift;
			productReference = 16281A9429AE219C004EF58D /* ticket_swift.app */;
			productType = "com.apple.product-type.application";
		};
/* End PBXNativeTarget section */

/* Begin PBXProject section */
		16281A8C29AE219C004EF58D /* Project object */ = {
			isa = PBXProject;
			attributes = {
				BuildIndependentTargetsInParallel = 1;
				LastSwiftUpdateCheck = 1420;
				LastUpgradeCheck = 1420;
				TargetAttributes = {
					16281A9329AE219C004EF58D = {
						CreatedOnToolsVersion = 14.2;
					};
				};
			};
			buildConfigurationList = 16281A8F29AE219C004EF58D /* Build configuration list for PBXProject "ticket_swift" */;
			compatibilityVersion = "Xcode 14.0";
			developmentRegion = en;
			hasScannedForEncodings = 0;
			knownRegions = (
				en,
				Base,
			);
			mainGroup = 16281A8B29AE219C004EF58D;
			productRefGroup = 16281A9529AE219C004EF58D /* Products */;
			projectDirPath = "";
			projectRoot = "";
			targets = (
				16281A9329AE219C004EF58D /* ticket_swift */,
			);
		};
/* End PBXProject section */

/* Begin PBXResourcesBuildPhase section */
		16281A9229AE219C004EF58D /* Resources */ = {
			isa = PBXResourcesBuildPhase;
			buildActionMask = 2147483647;
			files = (
				16281AA429AE219D004EF58D /* LaunchScreen.storyboard in Resources */,
				16281AA129AE219D004EF58D /* Assets.xcassets in Resources */,
				16281A9F29AE219C004EF58D /* Main.storyboard in Resources */,
			);
			runOnlyForDeploymentPostprocessing = 0;
		};
/* End PBXResourcesBuildPhase section */

/* Begin PBXShellScriptBuildPhase section */
		36762C69A34371177BBE4321 /* [CP] Embed Pods Frameworks */ = {
			isa = PBXShellScriptBuildPhase;
			buildActionMask = 2147483647;
			files = (
			);
			inputFileListPaths = (
				"${PODS_ROOT}/Target Support Files/Pods-ticket_swift/Pods-ticket_swift-frameworks-${CONFIGURATION}-input-files.xcfilelist",
			);
			name = "[CP] Embed Pods Frameworks";
			outputFileListPaths = (
				"${PODS_ROOT}/Target Support Files/Pods-ticket_swift/Pods-ticket_swift-frameworks-${CONFIGURATION}-output-files.xcfilelist",
			);
			runOnlyForDeploymentPostprocessing = 0;
			shellPath = /bin/sh;
			shellScript = "\"${PODS_ROOT}/Target Support Files/Pods-ticket_swift/Pods-ticket_swift-frameworks.sh\"\n";
			showEnvVarsInLog = 0;
		};
		525E8DBD2717F8111314C8B1 /* [CP] Check Pods Manifest.lock */ = {
			isa = PBXShellScriptBuildPhase;
			buildActionMask = 2147483647;
			files = (
			);
			inputFileListPaths = (
			);
			inputPaths = (
				"${PODS_PODFILE_DIR_PATH}/Podfile.lock",
				"${PODS_ROOT}/Manifest.lock",
			);
			name = "[CP] Check Pods Manifest.lock";
			outputFileListPaths = (
			);
			outputPaths = (
				"$(DERIVED_FILE_DIR)/Pods-ticket_swift-checkManifestLockResult.txt",
			);
			runOnlyForDeploymentPostprocessing = 0;
			shellPath = /bin/sh;
			shellScript = "diff \"${PODS_PODFILE_DIR_PATH}/Podfile.lock\" \"${PODS_ROOT}/Manifest.lock\" > /dev/null\nif [ $? != 0 ] ; then\n    # print error to STDERR\n    echo \"error: The sandbox is not in sync with the Podfile.lock. Run 'pod install' or update your CocoaPods installation.\" >&2\n    exit 1\nfi\n# This output is used by Xcode 'outputs' to avoid re-running this script phase.\necho \"SUCCESS\" > \"${SCRIPT_OUTPUT_FILE_0}\"\n";
			showEnvVarsInLog = 0;
		};
/* End PBXShellScriptBuildPhase section */

/* Begin PBXSourcesBuildPhase section */
		16281A9029AE219C004EF58D /* Sources */ = {
			isa = PBXSourcesBuildPhase;
			buildActionMask = 2147483647;
			files = (
				16281A9C29AE219C004EF58D /* ViewController.swift in Sources */,
				16281A9829AE219C004EF58D /* AppDelegate.swift in Sources */,
				163C285629BB59AC00B07AA0 /* ValidationForm.swift in Sources */,
				16281A9A29AE219C004EF58D /* SceneDelegate.swift in Sources */,
			);
			runOnlyForDeploymentPostprocessing = 0;
		};
/* End PBXSourcesBuildPhase section */

/* Begin PBXVariantGroup section */
		16281A9D29AE219C004EF58D /* Main.storyboard */ = {
			isa = PBXVariantGroup;
			children = (
				16281A9E29AE219C004EF58D /* Base */,
			);
			name = Main.storyboard;
			sourceTree = "<group>";
		};
		16281AA229AE219D004EF58D /* LaunchScreen.storyboard */ = {
			isa = PBXVariantGroup;
			children = (
				16281AA329AE219D004EF58D /* Base */,
			);
			name = LaunchScreen.storyboard;
			sourceTree = "<group>";
		};
/* End PBXVariantGroup section */

/* Begin XCBuildConfiguration section */
		16281AA629AE219D004EF58D /* Debug */ = {
			isa = XCBuildConfiguration;
			buildSettings = {
				ALWAYS_SEARCH_USER_PATHS = NO;
				CLANG_ANALYZER_NONNULL = YES;
				CLANG_ANALYZER_NUMBER_OBJECT_CONVERSION = YES_AGGRESSIVE;
				CLANG_CXX_LANGUAGE_STANDARD = "gnu++20";
				CLANG_ENABLE_MODULES = YES;
				CLANG_ENABLE_OBJC_ARC = YES;
				CLANG_ENABLE_OBJC_WEAK = YES;
				CLANG_WARN_BLOCK_CAPTURE_AUTORELEASING = YES;
				CLANG_WARN_BOOL_CONVERSION = YES;
				CLANG_WARN_COMMA = YES;
				CLANG_WARN_CONSTANT_CONVERSION = YES;
				CLANG_WARN_DEPRECATED_OBJC_IMPLEMENTATIONS = YES;
				CLANG_WARN_DIRECT_OBJC_ISA_USAGE = YES_ERROR;
				CLANG_WARN_DOCUMENTATION_COMMENTS = YES;
				CLANG_WARN_EMPTY_BODY = YES;
				CLANG_WARN_ENUM_CONVERSION = YES;
				CLANG_WARN_INFINITE_RECURSION = YES;
				CLANG_WARN_INT_CONVERSION = YES;
				CLANG_WARN_NON_LITERAL_NULL_CONVERSION = YES;
				CLANG_WARN_OBJC_IMPLICIT_RETAIN_SELF = YES;
				CLANG_WARN_OBJC_LITERAL_CONVERSION = YES;
				CLANG_WARN_OBJC_ROOT_CLASS = YES_ERROR;
				CLANG_WARN_QUOTED_INCLUDE_IN_FRAMEWORK_HEADER = YES;
				CLANG_WARN_RANGE_LOOP_ANALYSIS = YES;
				CLANG_WARN_STRICT_PROTOTYPES = YES;
				CLANG_WARN_SUSPICIOUS_MOVE = YES;
				CLANG_WARN_UNGUARDED_AVAILABILITY = YES_AGGRESSIVE;
				CLANG_WARN_UNREACHABLE_CODE = YES;
				CLANG_WARN__DUPLICATE_METHOD_MATCH = YES;
				COPY_PHASE_STRIP = NO;
				DEBUG_INFORMATION_FORMAT = dwarf;
				ENABLE_STRICT_OBJC_MSGSEND = YES;
				ENABLE_TESTABILITY = YES;
				GCC_C_LANGUAGE_STANDARD = gnu11;
				GCC_DYNAMIC_NO_PIC = NO;
				GCC_NO_COMMON_BLOCKS = YES;
				GCC_OPTIMIZATION_LEVEL = 0;
				GCC_PREPROCESSOR_DEFINITIONS = (
					"DEBUG=1",
					"$(inherited)",
				);
				GCC_WARN_64_TO_32_BIT_CONVERSION = YES;
				GCC_WARN_ABOUT_RETURN_TYPE = YES_ERROR;
				GCC_WARN_UNDECLARED_SELECTOR = YES;
				GCC_WARN_UNINITIALIZED_AUTOS = YES_AGGRESSIVE;
				GCC_WARN_UNUSED_FUNCTION = YES;
				GCC_WARN_UNUSED_VARIABLE = YES;
				IPHONEOS_DEPLOYMENT_TARGET = 16.2;
				MTL_ENABLE_DEBUG_INFO = INCLUDE_SOURCE;
				MTL_FAST_MATH = YES;
				ONLY_ACTIVE_ARCH = YES;
				SDKROOT = iphoneos;
				SWIFT_ACTIVE_COMPILATION_CONDITIONS = DEBUG;
				SWIFT_OPTIMIZATION_LEVEL = "-Onone";
			};
			name = Debug;
		};
		16281AA729AE219D004EF58D /* Release */ = {
			isa = XCBuildConfiguration;
			buildSettings = {
				ALWAYS_SEARCH_USER_PATHS = NO;
				CLANG_ANALYZER_NONNULL = YES;
				CLANG_ANALYZER_NUMBER_OBJECT_CONVERSION = YES_AGGRESSIVE;
				CLANG_CXX_LANGUAGE_STANDARD = "gnu++20";
				CLANG_ENABLE_MODULES = YES;
				CLANG_ENABLE_OBJC_ARC = YES;
				CLANG_ENABLE_OBJC_WEAK = YES;
				CLANG_WARN_BLOCK_CAPTURE_AUTORELEASING = YES;
				CLANG_WARN_BOOL_CONVERSION = YES;
				CLANG_WARN_COMMA = YES;
				CLANG_WARN_CONSTANT_CONVERSION = YES;
				CLANG_WARN_DEPRECATED_OBJC_IMPLEMENTATIONS = YES;
				CLANG_WARN_DIRECT_OBJC_ISA_USAGE = YES_ERROR;
				CLANG_WARN_DOCUMENTATION_COMMENTS = YES;
				CLANG_WARN_EMPTY_BODY = YES;
				CLANG_WARN_ENUM_CONVERSION = YES;
				CLANG_WARN_INFINITE_RECURSION = YES;
				CLANG_WARN_INT_CONVERSION = YES;
				CLANG_WARN_NON_LITERAL_NULL_CONVERSION = YES;
				CLANG_WARN_OBJC_IMPLICIT_RETAIN_SELF = YES;
				CLANG_WARN_OBJC_LITERAL_CONVERSION = YES;
				CLANG_WARN_OBJC_ROOT_CLASS = YES_ERROR;
				CLANG_WARN_QUOTED_INCLUDE_IN_FRAMEWORK_HEADER = YES;
				CLANG_WARN_RANGE_LOOP_ANALYSIS = YES;
				CLANG_WARN_STRICT_PROTOTYPES = YES;
				CLANG_WARN_SUSPICIOUS_MOVE = YES;
				CLANG_WARN_UNGUARDED_AVAILABILITY = YES_AGGRESSIVE;
				CLANG_WARN_UNREACHABLE_CODE = YES;
				CLANG_WARN__DUPLICATE_METHOD_MATCH = YES;
				COPY_PHASE_STRIP = NO;
				DEBUG_INFORMATION_FORMAT = "dwarf-with-dsym";
				ENABLE_NS_ASSERTIONS = NO;
				ENABLE_STRICT_OBJC_MSGSEND = YES;
				GCC_C_LANGUAGE_STANDARD = gnu11;
				GCC_NO_COMMON_BLOCKS = YES;
				GCC_WARN_64_TO_32_BIT_CONVERSION = YES;
				GCC_WARN_ABOUT_RETURN_TYPE = YES_ERROR;
				GCC_WARN_UNDECLARED_SELECTOR = YES;
				GCC_WARN_UNINITIALIZED_AUTOS = YES_AGGRESSIVE;
				GCC_WARN_UNUSED_FUNCTION = YES;
				GCC_WARN_UNUSED_VARIABLE = YES;
				IPHONEOS_DEPLOYMENT_TARGET = 16.2;
				MTL_ENABLE_DEBUG_INFO = NO;
				MTL_FAST_MATH = YES;
				SDKROOT = iphoneos;
				SWIFT_COMPILATION_MODE = wholemodule;
				SWIFT_OPTIMIZATION_LEVEL = "-O";
				VALIDATE_PRODUCT = YES;
			};
			name = Release;
		};
		16281AA929AE219D004EF58D /* Debug */ = {
			isa = XCBuildConfiguration;
			baseConfigurationReference = 3FE22BD5C56E602725BC9F2B /* Pods-ticket_swift.debug.xcconfig */;
			buildSettings = {
				ASSETCATALOG_COMPILER_APPICON_NAME = AppIcon;
				ASSETCATALOG_COMPILER_GLOBAL_ACCENT_COLOR_NAME = AccentColor;
				CODE_SIGN_STYLE = Automatic;
				CURRENT_PROJECT_VERSION = 1;
				DEVELOPMENT_TEAM = 6NLKWTB739;
				GENERATE_INFOPLIST_FILE = YES;
				INFOPLIST_FILE = ticket_swift/Info.plist;
				INFOPLIST_KEY_UIApplicationSupportsIndirectInputEvents = YES;
				INFOPLIST_KEY_UILaunchStoryboardName = LaunchScreen;
				INFOPLIST_KEY_UIMainStoryboardFile = Main;
				INFOPLIST_KEY_UISupportedInterfaceOrientations_iPad = "UIInterfaceOrientationPortrait UIInterfaceOrientationPortraitUpsideDown UIInterfaceOrientationLandscapeLeft UIInterfaceOrientationLandscapeRight";
				INFOPLIST_KEY_UISupportedInterfaceOrientations_iPhone = "UIInterfaceOrientationPortrait UIInterfaceOrientationLandscapeLeft UIInterfaceOrientationLandscapeRight";
				LD_RUNPATH_SEARCH_PATHS = (
					"$(inherited)",
					"@executable_path/Frameworks",
				);
				MARKETING_VERSION = 1.0;
				PRODUCT_BUNDLE_IDENTIFIER = "Franklin-Aurelio.ticket-swift";
				PRODUCT_NAME = "$(TARGET_NAME)";
				SWIFT_EMIT_LOC_STRINGS = YES;
				SWIFT_VERSION = 5.0;
				TARGETED_DEVICE_FAMILY = "1,2";
			};
			name = Debug;
		};
		16281AAA29AE219D004EF58D /* Release */ = {
			isa = XCBuildConfiguration;
			baseConfigurationReference = E70EBD3E24D95651E97FFC6E /* Pods-ticket_swift.release.xcconfig */;
			buildSettings = {
				ASSETCATALOG_COMPILER_APPICON_NAME = AppIcon;
				ASSETCATALOG_COMPILER_GLOBAL_ACCENT_COLOR_NAME = AccentColor;
				CODE_SIGN_STYLE = Automatic;
				CURRENT_PROJECT_VERSION = 1;
				DEVELOPMENT_TEAM = 6NLKWTB739;
				GENERATE_INFOPLIST_FILE = YES;
				INFOPLIST_FILE = ticket_swift/Info.plist;
				INFOPLIST_KEY_UIApplicationSupportsIndirectInputEvents = YES;
				INFOPLIST_KEY_UILaunchStoryboardName = LaunchScreen;
				INFOPLIST_KEY_UIMainStoryboardFile = Main;
				INFOPLIST_KEY_UISupportedInterfaceOrientations_iPad = "UIInterfaceOrientationPortrait UIInterfaceOrientationPortraitUpsideDown UIInterfaceOrientationLandscapeLeft UIInterfaceOrientationLandscapeRight";
				INFOPLIST_KEY_UISupportedInterfaceOrientations_iPhone = "UIInterfaceOrientationPortrait UIInterfaceOrientationLandscapeLeft UIInterfaceOrientationLandscapeRight";
				LD_RUNPATH_SEARCH_PATHS = (
					"$(inherited)",
					"@executable_path/Frameworks",
				);
				MARKETING_VERSION = 1.0;
				PRODUCT_BUNDLE_IDENTIFIER = "Franklin-Aurelio.ticket-swift";
				PRODUCT_NAME = "$(TARGET_NAME)";
				SWIFT_EMIT_LOC_STRINGS = YES;
				SWIFT_VERSION = 5.0;
				TARGETED_DEVICE_FAMILY = "1,2";
			};
			name = Release;
		};
/* End XCBuildConfiguration section */

/* Begin XCConfigurationList section */
		16281A8F29AE219C004EF58D /* Build configuration list for PBXProject "ticket_swift" */ = {
			isa = XCConfigurationList;
			buildConfigurations = (
				16281AA629AE219D004EF58D /* Debug */,
				16281AA729AE219D004EF58D /* Release */,
			);
			defaultConfigurationIsVisible = 0;
			defaultConfigurationName = Release;
		};
		16281AA829AE219D004EF58D /* Build configuration list for PBXNativeTarget "ticket_swift" */ = {
			isa = XCConfigurationList;
			buildConfigurations = (
				16281AA929AE219D004EF58D /* Debug */,
				16281AAA29AE219D004EF58D /* Release */,
			);
			defaultConfigurationIsVisible = 0;
			defaultConfigurationName = Release;
		};
/* End XCConfigurationList section */
	};
	rootObject = 16281A8C29AE219C004EF58D /* Project object */;
}
